// !$*UTF8*$!
{
	archiveVersion = 1;
	classes = {
	};
	objectVersion = 56;
	objects = {

/* Begin PBXBuildFile section */
		16251D0E2A39CD4E00572846 /* PlaceModel.swift in Sources */ = {isa = PBXBuildFile; fileRef = 16251D0D2A39CD4D00572846 /* PlaceModel.swift */; };
		16C617C22A378C1C00F42505 /* Main.storyboard in Resources */ = {isa = PBXBuildFile; fileRef = 16C617C12A378C1C00F42505 /* Main.storyboard */; };
		16C617C62A378C6900F42505 /* DetailVC.swift in Sources */ = {isa = PBXBuildFile; fileRef = 16C617C32A378C6900F42505 /* DetailVC.swift */; };
		16C617C72A378C6900F42505 /* SelectLocationVC.swift in Sources */ = {isa = PBXBuildFile; fileRef = 16C617C42A378C6900F42505 /* SelectLocationVC.swift */; };
		16C617C82A378C6900F42505 /* AddPlaceVC.swift in Sources */ = {isa = PBXBuildFile; fileRef = 16C617C52A378C6900F42505 /* AddPlaceVC.swift */; };
		16FBF8EB2A3481F000D91978 /* AppDelegate.swift in Sources */ = {isa = PBXBuildFile; fileRef = 16FBF8EA2A3481F000D91978 /* AppDelegate.swift */; };
		16FBF8ED2A3481F000D91978 /* SceneDelegate.swift in Sources */ = {isa = PBXBuildFile; fileRef = 16FBF8EC2A3481F000D91978 /* SceneDelegate.swift */; };
		16FBF8EF2A3481F000D91978 /* ViewController.swift in Sources */ = {isa = PBXBuildFile; fileRef = 16FBF8EE2A3481F000D91978 /* ViewController.swift */; };
		16FBF8F42A3481F200D91978 /* Assets.xcassets in Resources */ = {isa = PBXBuildFile; fileRef = 16FBF8F32A3481F200D91978 /* Assets.xcassets */; };
		16FBF8F72A3481F200D91978 /* LaunchScreen.storyboard in Resources */ = {isa = PBXBuildFile; fileRef = 16FBF8F52A3481F200D91978 /* LaunchScreen.storyboard */; };
		16FBF8FF2A34CA7800D91978 /* PlacesVC.swift in Sources */ = {isa = PBXBuildFile; fileRef = 16FBF8FE2A34CA7800D91978 /* PlacesVC.swift */; };
		16FBF90B2A34CD4000D91978 /* User.swift in Sources */ = {isa = PBXBuildFile; fileRef = 16FBF90A2A34CD4000D91978 /* User.swift */; };
		45AC92DB6F2FA14DA56C248F /* Pods_FourSquareClone.framework in Frameworks */ = {isa = PBXBuildFile; fileRef = F6C5E281FD817A820446E552 /* Pods_FourSquareClone.framework */; };
/* End PBXBuildFile section */

/* Begin PBXFileReference section */
		16251D0D2A39CD4D00572846 /* PlaceModel.swift */ = {isa = PBXFileReference; lastKnownFileType = sourcecode.swift; path = PlaceModel.swift; sourceTree = "<group>"; };
		16C617C12A378C1C00F42505 /* Main.storyboard */ = {isa = PBXFileReference; fileEncoding = 4; lastKnownFileType = file.storyboard; path = Main.storyboard; sourceTree = "<group>"; };
		16C617C32A378C6900F42505 /* DetailVC.swift */ = {isa = PBXFileReference; fileEncoding = 4; lastKnownFileType = sourcecode.swift; path = DetailVC.swift; sourceTree = "<group>"; };
		16C617C42A378C6900F42505 /* SelectLocationVC.swift */ = {isa = PBXFileReference; fileEncoding = 4; lastKnownFileType = sourcecode.swift; path = SelectLocationVC.swift; sourceTree = "<group>"; };
		16C617C52A378C6900F42505 /* AddPlaceVC.swift */ = {isa = PBXFileReference; fileEncoding = 4; lastKnownFileType = sourcecode.swift; path = AddPlaceVC.swift; sourceTree = "<group>"; };
		16FBF8E72A3481F000D91978 /* FourSquareClone.app */ = {isa = PBXFileReference; explicitFileType = wrapper.application; includeInIndex = 0; path = FourSquareClone.app; sourceTree = BUILT_PRODUCTS_DIR; };
		16FBF8EA2A3481F000D91978 /* AppDelegate.swift */ = {isa = PBXFileReference; lastKnownFileType = sourcecode.swift; path = AppDelegate.swift; sourceTree = "<group>"; };
		16FBF8EC2A3481F000D91978 /* SceneDelegate.swift */ = {isa = PBXFileReference; lastKnownFileType = sourcecode.swift; path = SceneDelegate.swift; sourceTree = "<group>"; };
		16FBF8EE2A3481F000D91978 /* ViewController.swift */ = {isa = PBXFileReference; lastKnownFileType = sourcecode.swift; path = ViewController.swift; sourceTree = "<group>"; };
		16FBF8F32A3481F200D91978 /* Assets.xcassets */ = {isa = PBXFileReference; lastKnownFileType = folder.assetcatalog; path = Assets.xcassets; sourceTree = "<group>"; };
		16FBF8F62A3481F200D91978 /* Base */ = {isa = PBXFileReference; lastKnownFileType = file.storyboard; name = Base; path = Base.lproj/LaunchScreen.storyboard; sourceTree = "<group>"; };
		16FBF8F82A3481F200D91978 /* Info.plist */ = {isa = PBXFileReference; lastKnownFileType = text.plist.xml; path = Info.plist; sourceTree = "<group>"; };
		16FBF8FE2A34CA7800D91978 /* PlacesVC.swift */ = {isa = PBXFileReference; lastKnownFileType = sourcecode.swift; path = PlacesVC.swift; sourceTree = "<group>"; };
		16FBF90A2A34CD4000D91978 /* User.swift */ = {isa = PBXFileReference; lastKnownFileType = sourcecode.swift; path = User.swift; sourceTree = "<group>"; };
		6260188C4A8D6EFE5349D56E /* Pods-FourSquareClone.release.xcconfig */ = {isa = PBXFileReference; includeInIndex = 1; lastKnownFileType = text.xcconfig; name = "Pods-FourSquareClone.release.xcconfig"; path = "Target Support Files/Pods-FourSquareClone/Pods-FourSquareClone.release.xcconfig"; sourceTree = "<group>"; };
		F6C5E281FD817A820446E552 /* Pods_FourSquareClone.framework */ = {isa = PBXFileReference; explicitFileType = wrapper.framework; includeInIndex = 0; path = Pods_FourSquareClone.framework; sourceTree = BUILT_PRODUCTS_DIR; };
		FEA7D9B4F9E3233F2CB51FF7 /* Pods-FourSquareClone.debug.xcconfig */ = {isa = PBXFileReference; includeInIndex = 1; lastKnownFileType = text.xcconfig; name = "Pods-FourSquareClone.debug.xcconfig"; path = "Target Support Files/Pods-FourSquareClone/Pods-FourSquareClone.debug.xcconfig"; sourceTree = "<group>"; };
/* End PBXFileReference section */

/* Begin PBXFrameworksBuildPhase section */
		16FBF8E42A3481F000D91978 /* Frameworks */ = {
			isa = PBXFrameworksBuildPhase;
			buildActionMask = 2147483647;
			files = (
				45AC92DB6F2FA14DA56C248F /* Pods_FourSquareClone.framework in Frameworks */,
			);
			runOnlyForDeploymentPostprocessing = 0;
		};
/* End PBXFrameworksBuildPhase section */

/* Begin PBXGroup section */
		16FBF8DE2A3481F000D91978 = {
			isa = PBXGroup;
			children = (
				16FBF8E92A3481F000D91978 /* FourSquareClone */,
				16FBF8E82A3481F000D91978 /* Products */,
				909363F82AB7AB101FA7B351 /* Pods */,
				FAF2D1D7D52EABE902A160C1 /* Frameworks */,
			);
			sourceTree = "<group>";
		};
		16FBF8E82A3481F000D91978 /* Products */ = {
			isa = PBXGroup;
			children = (
				16FBF8E72A3481F000D91978 /* FourSquareClone.app */,
			);
			name = Products;
			sourceTree = "<group>";
		};
		16FBF8E92A3481F000D91978 /* FourSquareClone */ = {
			isa = PBXGroup;
			children = (
				16FBF9052A34CC4D00D91978 /* Delegate */,
				16FBF9022A34CBFA00D91978 /* Model */,
				16FBF9032A34CC0100D91978 /* View */,
				16FBF9042A34CC0700D91978 /* Controller */,
				16FBF8F32A3481F200D91978 /* Assets.xcassets */,
				16FBF8F82A3481F200D91978 /* Info.plist */,
			);
			path = FourSquareClone;
			sourceTree = "<group>";
		};
		16FBF9022A34CBFA00D91978 /* Model */ = {
			isa = PBXGroup;
			children = (
				16FBF90A2A34CD4000D91978 /* User.swift */,
				16251D0D2A39CD4D00572846 /* PlaceModel.swift */,
			);
			path = Model;
			sourceTree = "<group>";
		};
		16FBF9032A34CC0100D91978 /* View */ = {
			isa = PBXGroup;
			children = (
				16C617C12A378C1C00F42505 /* Main.storyboard */,
				16FBF8F52A3481F200D91978 /* LaunchScreen.storyboard */,
			);
			path = View;
			sourceTree = "<group>";
		};
		16FBF9042A34CC0700D91978 /* Controller */ = {
			isa = PBXGroup;
			children = (
				16FBF8EE2A3481F000D91978 /* ViewController.swift */,
				16FBF8FE2A34CA7800D91978 /* PlacesVC.swift */,
				16C617C52A378C6900F42505 /* AddPlaceVC.swift */,
				16C617C42A378C6900F42505 /* SelectLocationVC.swift */,
				16C617C32A378C6900F42505 /* DetailVC.swift */,
			);
			path = Controller;
			sourceTree = "<group>";
		};
		16FBF9052A34CC4D00D91978 /* Delegate */ = {
			isa = PBXGroup;
			children = (
				16FBF8EA2A3481F000D91978 /* AppDelegate.swift */,
				16FBF8EC2A3481F000D91978 /* SceneDelegate.swift */,
			);
			path = Delegate;
			sourceTree = "<group>";
		};
		909363F82AB7AB101FA7B351 /* Pods */ = {
			isa = PBXGroup;
			children = (
				FEA7D9B4F9E3233F2CB51FF7 /* Pods-FourSquareClone.debug.xcconfig */,
				6260188C4A8D6EFE5349D56E /* Pods-FourSquareClone.release.xcconfig */,
			);
			path = Pods;
			sourceTree = "<group>";
		};
		FAF2D1D7D52EABE902A160C1 /* Frameworks */ = {
			isa = PBXGroup;
			children = (
				F6C5E281FD817A820446E552 /* Pods_FourSquareClone.framework */,
			);
			name = Frameworks;
			sourceTree = "<group>";
		};
/* End PBXGroup section */

/* Begin PBXNativeTarget section */
		16FBF8E62A3481F000D91978 /* FourSquareClone */ = {
			isa = PBXNativeTarget;
			buildConfigurationList = 16FBF8FB2A3481F200D91978 /* Build configuration list for PBXNativeTarget "FourSquareClone" */;
			buildPhases = (
				263C4D6D3992EAA9BFA61204 /* [CP] Check Pods Manifest.lock */,
				16FBF8E32A3481F000D91978 /* Sources */,
				16FBF8E42A3481F000D91978 /* Frameworks */,
				16FBF8E52A3481F000D91978 /* Resources */,
				8AED17B00DA8EA619333DF98 /* [CP] Embed Pods Frameworks */,
			);
			buildRules = (
			);
			dependencies = (
			);
			name = FourSquareClone;
			productName = FourSquareClone;
			productReference = 16FBF8E72A3481F000D91978 /* FourSquareClone.app */;
			productType = "com.apple.product-type.application";
		};
/* End PBXNativeTarget section */

/* Begin PBXProject section */
		16FBF8DF2A3481F000D91978 /* Project object */ = {
			isa = PBXProject;
			attributes = {
				BuildIndependentTargetsInParallel = 1;
				LastSwiftUpdateCheck = 1420;
				LastUpgradeCheck = 1420;
				TargetAttributes = {
					16FBF8E62A3481F000D91978 = {
						CreatedOnToolsVersion = 14.2;
					};
				};
			};
			buildConfigurationList = 16FBF8E22A3481F000D91978 /* Build configuration list for PBXProject "FourSquareClone" */;
			compatibilityVersion = "Xcode 14.0";
			developmentRegion = en;
			hasScannedForEncodings = 0;
			knownRegions = (
				en,
				Base,
			);
			mainGroup = 16FBF8DE2A3481F000D91978;
			productRefGroup = 16FBF8E82A3481F000D91978 /* Products */;
			projectDirPath = "";
			projectRoot = "";
			targets = (
				16FBF8E62A3481F000D91978 /* FourSquareClone */,
			);
		};
/* End PBXProject section */

/* Begin PBXResourcesBuildPhase section */
		16FBF8E52A3481F000D91978 /* Resources */ = {
			isa = PBXResourcesBuildPhase;
			buildActionMask = 2147483647;
			files = (
				16FBF8F72A3481F200D91978 /* LaunchScreen.storyboard in Resources */,
				16FBF8F42A3481F200D91978 /* Assets.xcassets in Resources */,
				16C617C22A378C1C00F42505 /* Main.storyboard in Resources */,
			);
			runOnlyForDeploymentPostprocessing = 0;
		};
/* End PBXResourcesBuildPhase section */

/* Begin PBXShellScriptBuildPhase section */
		263C4D6D3992EAA9BFA61204 /* [CP] Check Pods Manifest.lock */ = {
			isa = PBXShellScriptBuildPhase;
			buildActionMask = 2147483647;
			files = (
			);
			inputFileListPaths = (
			);
			inputPaths = (
				"${PODS_PODFILE_DIR_PATH}/Podfile.lock",
				"${PODS_ROOT}/Manifest.lock",
			);
			name = "[CP] Check Pods Manifest.lock";
			outputFileListPaths = (
			);
			outputPaths = (
				"$(DERIVED_FILE_DIR)/Pods-FourSquareClone-checkManifestLockResult.txt",
			);
			runOnlyForDeploymentPostprocessing = 0;
			shellPath = /bin/sh;
			shellScript = "diff \"${PODS_PODFILE_DIR_PATH}/Podfile.lock\" \"${PODS_ROOT}/Manifest.lock\" > /dev/null\nif [ $? != 0 ] ; then\n    # print error to STDERR\n    echo \"error: The sandbox is not in sync with the Podfile.lock. Run 'pod install' or update your CocoaPods installation.\" >&2\n    exit 1\nfi\n# This output is used by Xcode 'outputs' to avoid re-running this script phase.\necho \"SUCCESS\" > \"${SCRIPT_OUTPUT_FILE_0}\"\n";
			showEnvVarsInLog = 0;
		};
		8AED17B00DA8EA619333DF98 /* [CP] Embed Pods Frameworks */ = {
			isa = PBXShellScriptBuildPhase;
			buildActionMask = 2147483647;
			files = (
			);
			inputFileListPaths = (
				"${PODS_ROOT}/Target Support Files/Pods-FourSquareClone/Pods-FourSquareClone-frameworks-${CONFIGURATION}-input-files.xcfilelist",
			);
			name = "[CP] Embed Pods Frameworks";
			outputFileListPaths = (
				"${PODS_ROOT}/Target Support Files/Pods-FourSquareClone/Pods-FourSquareClone-frameworks-${CONFIGURATION}-output-files.xcfilelist",
			);
			runOnlyForDeploymentPostprocessing = 0;
			shellPath = /bin/sh;
			shellScript = "\"${PODS_ROOT}/Target Support Files/Pods-FourSquareClone/Pods-FourSquareClone-frameworks.sh\"\n";
			showEnvVarsInLog = 0;
		};
/* End PBXShellScriptBuildPhase section */

/* Begin PBXSourcesBuildPhase section */
		16FBF8E32A3481F000D91978 /* Sources */ = {
			isa = PBXSourcesBuildPhase;
			buildActionMask = 2147483647;
			files = (
				16FBF8EF2A3481F000D91978 /* ViewController.swift in Sources */,
				16FBF8EB2A3481F000D91978 /* AppDelegate.swift in Sources */,
				16C617C82A378C6900F42505 /* AddPlaceVC.swift in Sources */,
				16FBF8FF2A34CA7800D91978 /* PlacesVC.swift in Sources */,
				16FBF90B2A34CD4000D91978 /* User.swift in Sources */,
				16FBF8ED2A3481F000D91978 /* SceneDelegate.swift in Sources */,
				16251D0E2A39CD4E00572846 /* PlaceModel.swift in Sources */,
				16C617C62A378C6900F42505 /* DetailVC.swift in Sources */,
				16C617C72A378C6900F42505 /* SelectLocationVC.swift in Sources */,
			);
			runOnlyForDeploymentPostprocessing = 0;
		};
/* End PBXSourcesBuildPhase section */

/* Begin PBXVariantGroup section */
		16FBF8F52A3481F200D91978 /* LaunchScreen.storyboard */ = {
			isa = PBXVariantGroup;
			children = (
				16FBF8F62A3481F200D91978 /* Base */,
			);
			name = LaunchScreen.storyboard;
			sourceTree = "<group>";
		};
/* End PBXVariantGroup section */

/* Begin XCBuildConfiguration section */
		16FBF8F92A3481F200D91978 /* Debug */ = {
			isa = XCBuildConfiguration;
			buildSettings = {
				ALWAYS_SEARCH_USER_PATHS = NO;
				CLANG_ANALYZER_NONNULL = YES;
				CLANG_ANALYZER_NUMBER_OBJECT_CONVERSION = YES_AGGRESSIVE;
				CLANG_CXX_LANGUAGE_STANDARD = "gnu++20";
				CLANG_ENABLE_MODULES = YES;
				CLANG_ENABLE_OBJC_ARC = YES;
				CLANG_ENABLE_OBJC_WEAK = YES;
				CLANG_WARN_BLOCK_CAPTURE_AUTORELEASING = YES;
				CLANG_WARN_BOOL_CONVERSION = YES;
				CLANG_WARN_COMMA = YES;
				CLANG_WARN_CONSTANT_CONVERSION = YES;
				CLANG_WARN_DEPRECATED_OBJC_IMPLEMENTATIONS = YES;
				CLANG_WARN_DIRECT_OBJC_ISA_USAGE = YES_ERROR;
				CLANG_WARN_DOCUMENTATION_COMMENTS = YES;
				CLANG_WARN_EMPTY_BODY = YES;
				CLANG_WARN_ENUM_CONVERSION = YES;
				CLANG_WARN_INFINITE_RECURSION = YES;
				CLANG_WARN_INT_CONVERSION = YES;
				CLANG_WARN_NON_LITERAL_NULL_CONVERSION = YES;
				CLANG_WARN_OBJC_IMPLICIT_RETAIN_SELF = YES;
				CLANG_WARN_OBJC_LITERAL_CONVERSION = YES;
				CLANG_WARN_OBJC_ROOT_CLASS = YES_ERROR;
				CLANG_WARN_QUOTED_INCLUDE_IN_FRAMEWORK_HEADER = YES;
				CLANG_WARN_RANGE_LOOP_ANALYSIS = YES;
				CLANG_WARN_STRICT_PROTOTYPES = YES;
				CLANG_WARN_SUSPICIOUS_MOVE = YES;
				CLANG_WARN_UNGUARDED_AVAILABILITY = YES_AGGRESSIVE;
				CLANG_WARN_UNREACHABLE_CODE = YES;
				CLANG_WARN__DUPLICATE_METHOD_MATCH = YES;
				COPY_PHASE_STRIP = NO;
				DEBUG_INFORMATION_FORMAT = dwarf;
				ENABLE_STRICT_OBJC_MSGSEND = YES;
				ENABLE_TESTABILITY = YES;
				GCC_C_LANGUAGE_STANDARD = gnu11;
				GCC_DYNAMIC_NO_PIC = NO;
				GCC_NO_COMMON_BLOCKS = YES;
				GCC_OPTIMIZATION_LEVEL = 0;
				GCC_PREPROCESSOR_DEFINITIONS = (
					"DEBUG=1",
					"$(inherited)",
				);
				GCC_WARN_64_TO_32_BIT_CONVERSION = YES;
				GCC_WARN_ABOUT_RETURN_TYPE = YES_ERROR;
				GCC_WARN_UNDECLARED_SELECTOR = YES;
				GCC_WARN_UNINITIALIZED_AUTOS = YES_AGGRESSIVE;
				GCC_WARN_UNUSED_FUNCTION = YES;
				GCC_WARN_UNUSED_VARIABLE = YES;
				IPHONEOS_DEPLOYMENT_TARGET = 16.2;
				MTL_ENABLE_DEBUG_INFO = INCLUDE_SOURCE;
				MTL_FAST_MATH = YES;
				ONLY_ACTIVE_ARCH = YES;
				SDKROOT = iphoneos;
				SWIFT_ACTIVE_COMPILATION_CONDITIONS = DEBUG;
				SWIFT_OPTIMIZATION_LEVEL = "-Onone";
			};
			name = Debug;
		};
		16FBF8FA2A3481F200D91978 /* Release */ = {
			isa = XCBuildConfiguration;
			buildSettings = {
				ALWAYS_SEARCH_USER_PATHS = NO;
				CLANG_ANALYZER_NONNULL = YES;
				CLANG_ANALYZER_NUMBER_OBJECT_CONVERSION = YES_AGGRESSIVE;
				CLANG_CXX_LANGUAGE_STANDARD = "gnu++20";
				CLANG_ENABLE_MODULES = YES;
				CLANG_ENABLE_OBJC_ARC = YES;
				CLANG_ENABLE_OBJC_WEAK = YES;
				CLANG_WARN_BLOCK_CAPTURE_AUTORELEASING = YES;
				CLANG_WARN_BOOL_CONVERSION = YES;
				CLANG_WARN_COMMA = YES;
				CLANG_WARN_CONSTANT_CONVERSION = YES;
				CLANG_WARN_DEPRECATED_OBJC_IMPLEMENTATIONS = YES;
				CLANG_WARN_DIRECT_OBJC_ISA_USAGE = YES_ERROR;
				CLANG_WARN_DOCUMENTATION_COMMENTS = YES;
				CLANG_WARN_EMPTY_BODY = YES;
				CLANG_WARN_ENUM_CONVERSION = YES;
				CLANG_WARN_INFINITE_RECURSION = YES;
				CLANG_WARN_INT_CONVERSION = YES;
				CLANG_WARN_NON_LITERAL_NULL_CONVERSION = YES;
				CLANG_WARN_OBJC_IMPLICIT_RETAIN_SELF = YES;
				CLANG_WARN_OBJC_LITERAL_CONVERSION = YES;
				CLANG_WARN_OBJC_ROOT_CLASS = YES_ERROR;
				CLANG_WARN_QUOTED_INCLUDE_IN_FRAMEWORK_HEADER = YES;
				CLANG_WARN_RANGE_LOOP_ANALYSIS = YES;
				CLANG_WARN_STRICT_PROTOTYPES = YES;
				CLANG_WARN_SUSPICIOUS_MOVE = YES;
				CLANG_WARN_UNGUARDED_AVAILABILITY = YES_AGGRESSIVE;
				CLANG_WARN_UNREACHABLE_CODE = YES;
				CLANG_WARN__DUPLICATE_METHOD_MATCH = YES;
				COPY_PHASE_STRIP = NO;
				DEBUG_INFORMATION_FORMAT = "dwarf-with-dsym";
				ENABLE_NS_ASSERTIONS = NO;
				ENABLE_STRICT_OBJC_MSGSEND = YES;
				GCC_C_LANGUAGE_STANDARD = gnu11;
				GCC_NO_COMMON_BLOCKS = YES;
				GCC_WARN_64_TO_32_BIT_CONVERSION = YES;
				GCC_WARN_ABOUT_RETURN_TYPE = YES_ERROR;
				GCC_WARN_UNDECLARED_SELECTOR = YES;
				GCC_WARN_UNINITIALIZED_AUTOS = YES_AGGRESSIVE;
				GCC_WARN_UNUSED_FUNCTION = YES;
				GCC_WARN_UNUSED_VARIABLE = YES;
				IPHONEOS_DEPLOYMENT_TARGET = 16.2;
				MTL_ENABLE_DEBUG_INFO = NO;
				MTL_FAST_MATH = YES;
				SDKROOT = iphoneos;
				SWIFT_COMPILATION_MODE = wholemodule;
				SWIFT_OPTIMIZATION_LEVEL = "-O";
				VALIDATE_PRODUCT = YES;
			};
			name = Release;
		};
		16FBF8FC2A3481F200D91978 /* Debug */ = {
			isa = XCBuildConfiguration;
			baseConfigurationReference = FEA7D9B4F9E3233F2CB51FF7 /* Pods-FourSquareClone.debug.xcconfig */;
			buildSettings = {
				ASSETCATALOG_COMPILER_APPICON_NAME = AppIcon;
				ASSETCATALOG_COMPILER_GLOBAL_ACCENT_COLOR_NAME = AccentColor;
				CODE_SIGN_STYLE = Automatic;
				CURRENT_PROJECT_VERSION = 1;
				DEVELOPMENT_TEAM = W9HWC54SK4;
				GENERATE_INFOPLIST_FILE = YES;
				INFOPLIST_FILE = FourSquareClone/Info.plist;
				INFOPLIST_KEY_UIApplicationSupportsIndirectInputEvents = YES;
				INFOPLIST_KEY_UILaunchStoryboardName = LaunchScreen;
				INFOPLIST_KEY_UIMainStoryboardFile = Main;
				INFOPLIST_KEY_UISupportedInterfaceOrientations_iPad = "UIInterfaceOrientationPortrait UIInterfaceOrientationPortraitUpsideDown UIInterfaceOrientationLandscapeLeft UIInterfaceOrientationLandscapeRight";
				INFOPLIST_KEY_UISupportedInterfaceOrientations_iPhone = "UIInterfaceOrientationPortrait UIInterfaceOrientationLandscapeLeft UIInterfaceOrientationLandscapeRight";
				LD_RUNPATH_SEARCH_PATHS = (
					"$(inherited)",
					"@executable_path/Frameworks",
				);
				MARKETING_VERSION = 1.0;
				PRODUCT_BUNDLE_IDENTIFIER = com.IslamCrew.FourSquareClone;
				PRODUCT_NAME = "$(TARGET_NAME)";
				SWIFT_EMIT_LOC_STRINGS = YES;
				SWIFT_VERSION = 5.0;
				TARGETED_DEVICE_FAMILY = "1,2";
			};
			name = Debug;
		};
		16FBF8FD2A3481F200D91978 /* Release */ = {
			isa = XCBuildConfiguration;
			baseConfigurationReference = 6260188C4A8D6EFE5349D56E /* Pods-FourSquareClone.release.xcconfig */;
			buildSettings = {
				ASSETCATALOG_COMPILER_APPICON_NAME = AppIcon;
				ASSETCATALOG_COMPILER_GLOBAL_ACCENT_COLOR_NAME = AccentColor;
				CODE_SIGN_STYLE = Automatic;
				CURRENT_PROJECT_VERSION = 1;
				DEVELOPMENT_TEAM = W9HWC54SK4;
				GENERATE_INFOPLIST_FILE = YES;
				INFOPLIST_FILE = FourSquareClone/Info.plist;
				INFOPLIST_KEY_UIApplicationSupportsIndirectInputEvents = YES;
				INFOPLIST_KEY_UILaunchStoryboardName = LaunchScreen;
				INFOPLIST_KEY_UIMainStoryboardFile = Main;
				INFOPLIST_KEY_UISupportedInterfaceOrientations_iPad = "UIInterfaceOrientationPortrait UIInterfaceOrientationPortraitUpsideDown UIInterfaceOrientationLandscapeLeft UIInterfaceOrientationLandscapeRight";
				INFOPLIST_KEY_UISupportedInterfaceOrientations_iPhone = "UIInterfaceOrientationPortrait UIInterfaceOrientationLandscapeLeft UIInterfaceOrientationLandscapeRight";
				LD_RUNPATH_SEARCH_PATHS = (
					"$(inherited)",
					"@executable_path/Frameworks",
				);
				MARKETING_VERSION = 1.0;
				PRODUCT_BUNDLE_IDENTIFIER = com.IslamCrew.FourSquareClone;
				PRODUCT_NAME = "$(TARGET_NAME)";
				SWIFT_EMIT_LOC_STRINGS = YES;
				SWIFT_VERSION = 5.0;
				TARGETED_DEVICE_FAMILY = "1,2";
			};
			name = Release;
		};
/* End XCBuildConfiguration section */

/* Begin XCConfigurationList section */
		16FBF8E22A3481F000D91978 /* Build configuration list for PBXProject "FourSquareClone" */ = {
			isa = XCConfigurationList;
			buildConfigurations = (
				16FBF8F92A3481F200D91978 /* Debug */,
				16FBF8FA2A3481F200D91978 /* Release */,
			);
			defaultConfigurationIsVisible = 0;
			defaultConfigurationName = Release;
		};
		16FBF8FB2A3481F200D91978 /* Build configuration list for PBXNativeTarget "FourSquareClone" */ = {
			isa = XCConfigurationList;
			buildConfigurations = (
				16FBF8FC2A3481F200D91978 /* Debug */,
				16FBF8FD2A3481F200D91978 /* Release */,
			);
			defaultConfigurationIsVisible = 0;
			defaultConfigurationName = Release;
		};
/* End XCConfigurationList section */
	};
	rootObject = 16FBF8DF2A3481F000D91978 /* Project object */;
}
